
Microsoft Visual Studio Solution File, Format Version 12.00
# Visual Studio 15
VisualStudioVersion = 15.0.28010.2050
MinimumVisualStudioVersion = 10.0.40219.1
Project("{9092AA53-FB77-4645-B42D-1CCCA6BD08BD}") = "FredericoAlexandre_COMP308Lab2", "FredericoAlexandre_COMP308Lab2\FredericoAlexandre_COMP308Lab2.njsproj", "{32B728F4-8822-4975-A702-92349B0B04A5}"
EndProject
Global
	GlobalSection(SolutionConfigurationPlatforms) = preSolution
		Debug|Any CPU = Debug|Any CPU
		Release|Any CPU = Release|Any CPU
	EndGlobalSection
	GlobalSection(ProjectConfigurationPlatforms) = postSolution
		{32B728F4-8822-4975-A702-92349B0B04A5}.Debug|Any CPU.ActiveCfg = Debug|Any CPU
		{32B728F4-8822-4975-A702-92349B0B04A5}.Debug|Any CPU.Build.0 = Debug|Any CPU
		{32B728F4-8822-4975-A702-92349B0B04A5}.Release|Any CPU.ActiveCfg = Release|Any CPU
		{32B728F4-8822-4975-A702-92349B0B04A5}.Release|Any CPU.Build.0 = Release|Any CPU
	EndGlobalSection
	GlobalSection(SolutionProperties) = preSolution
		HideSolutionNode = FALSE
	EndGlobalSection
	GlobalSection(ExtensibilityGlobals) = postSolution
		SolutionGuid = {E36FE24D-B40E-4947-8B1B-5563BBFA69EE}
	EndGlobalSection
EndGlobal
